
Microsoft Visual Studio Solution File, Format Version 12.00
# Visual Studio Version 17
VisualStudioVersion = 17.9.34616.47
MinimumVisualStudioVersion = 10.0.40219.1
Project("{FAE04EC0-301F-11D3-BF4B-00C04F79EFBC}") = "JobFairManager", "JobFairManager\JobFairManager.csproj", "{F25E80FE-93C0-4F47-A8E0-473699C9093E}"
EndProject
Global
	GlobalSection(SolutionConfigurationPlatforms) = preSolution
		Debug|Any CPU = Debug|Any CPU
		Release|Any CPU = Release|Any CPU
	EndGlobalSection
	GlobalSection(ProjectConfigurationPlatforms) = postSolution
		{F25E80FE-93C0-4F47-A8E0-473699C9093E}.Debug|Any CPU.ActiveCfg = Debug|Any CPU
		{F25E80FE-93C0-4F47-A8E0-473699C9093E}.Debug|Any CPU.Build.0 = Debug|Any CPU
		{F25E80FE-93C0-4F47-A8E0-473699C9093E}.Release|Any CPU.ActiveCfg = Release|Any CPU
		{F25E80FE-93C0-4F47-A8E0-473699C9093E}.Release|Any CPU.Build.0 = Release|Any CPU
	EndGlobalSection
	GlobalSection(SolutionProperties) = preSolution
		HideSolutionNode = FALSE
	EndGlobalSection
	GlobalSection(ExtensibilityGlobals) = postSolution
		SolutionGuid = {9F99DF10-8879-4F4C-9443-A52A9B6F6DFA}
	EndGlobalSection
EndGlobal
